// !$*UTF8*$!
{
	archiveVersion = 1;
	classes = {
	};
	objectVersion = 46;
	objects = {

/* Begin PBXBuildFile section */
		2220774017035CB700C1FEDD /* UIKit.framework in Frameworks */ = {isa = PBXBuildFile; fileRef = 2220773F17035CB700C1FEDD /* UIKit.framework */; };
		2220774217035CB700C1FEDD /* Foundation.framework in Frameworks */ = {isa = PBXBuildFile; fileRef = 2220774117035CB700C1FEDD /* Foundation.framework */; };
		2220774417035CB700C1FEDD /* CoreGraphics.framework in Frameworks */ = {isa = PBXBuildFile; fileRef = 2220774317035CB700C1FEDD /* CoreGraphics.framework */; };
		2220774A17035CB800C1FEDD /* InfoPlist.strings in Resources */ = {isa = PBXBuildFile; fileRef = 2220774817035CB800C1FEDD /* InfoPlist.strings */; };
		2220774C17035CB800C1FEDD /* main.m in Sources */ = {isa = PBXBuildFile; fileRef = 2220774B17035CB800C1FEDD /* main.m */; };
		2220775017035CB800C1FEDD /* SHAppDelegate.m in Sources */ = {isa = PBXBuildFile; fileRef = 2220774F17035CB800C1FEDD /* SHAppDelegate.m */; };
		2220775217035CB800C1FEDD /* Default.png in Resources */ = {isa = PBXBuildFile; fileRef = 2220775117035CB800C1FEDD /* Default.png */; };
		2220775417035CB800C1FEDD /* Default@2x.png in Resources */ = {isa = PBXBuildFile; fileRef = 2220775317035CB800C1FEDD /* Default@2x.png */; };
		2220775617035CB800C1FEDD /* Default-568h@2x.png in Resources */ = {isa = PBXBuildFile; fileRef = 2220775517035CB800C1FEDD /* Default-568h@2x.png */; };
		2220775917035CB800C1FEDD /* MainStoryboard.storyboard in Resources */ = {isa = PBXBuildFile; fileRef = 2220775717035CB800C1FEDD /* MainStoryboard.storyboard */; };
		2220775C17035CB800C1FEDD /* SHViewController.m in Sources */ = {isa = PBXBuildFile; fileRef = 2220775B17035CB800C1FEDD /* SHViewController.m */; };
/* End PBXBuildFile section */

/* Begin PBXFileReference section */
		2220773C17035CB700C1FEDD /* SHRequestExample.app */ = {isa = PBXFileReference; explicitFileType = wrapper.application; includeInIndex = 0; path = SHRequestExample.app; sourceTree = BUILT_PRODUCTS_DIR; };
		2220773F17035CB700C1FEDD /* UIKit.framework */ = {isa = PBXFileReference; lastKnownFileType = wrapper.framework; name = UIKit.framework; path = System/Library/Frameworks/UIKit.framework; sourceTree = SDKROOT; };
		2220774117035CB700C1FEDD /* Foundation.framework */ = {isa = PBXFileReference; lastKnownFileType = wrapper.framework; name = Foundation.framework; path = System/Library/Frameworks/Foundation.framework; sourceTree = SDKROOT; };
		2220774317035CB700C1FEDD /* CoreGraphics.framework */ = {isa = PBXFileReference; lastKnownFileType = wrapper.framework; name = CoreGraphics.framework; path = System/Library/Frameworks/CoreGraphics.framework; sourceTree = SDKROOT; };
		2220774717035CB800C1FEDD /* SHRequestExample-Info.plist */ = {isa = PBXFileReference; lastKnownFileType = text.plist.xml; path = "SHRequestExample-Info.plist"; sourceTree = "<group>"; };
		2220774917035CB800C1FEDD /* en */ = {isa = PBXFileReference; lastKnownFileType = text.plist.strings; name = en; path = en.lproj/InfoPlist.strings; sourceTree = "<group>"; };
		2220774B17035CB800C1FEDD /* main.m */ = {isa = PBXFileReference; lastKnownFileType = sourcecode.c.objc; path = main.m; sourceTree = "<group>"; };
		2220774D17035CB800C1FEDD /* SHRequestExample-Prefix.pch */ = {isa = PBXFileReference; lastKnownFileType = sourcecode.c.h; path = "SHRequestExample-Prefix.pch"; sourceTree = "<group>"; };
		2220774E17035CB800C1FEDD /* SHAppDelegate.h */ = {isa = PBXFileReference; lastKnownFileType = sourcecode.c.h; path = SHAppDelegate.h; sourceTree = "<group>"; };
		2220774F17035CB800C1FEDD /* SHAppDelegate.m */ = {isa = PBXFileReference; lastKnownFileType = sourcecode.c.objc; path = SHAppDelegate.m; sourceTree = "<group>"; };
		2220775117035CB800C1FEDD /* Default.png */ = {isa = PBXFileReference; lastKnownFileType = image.png; path = Default.png; sourceTree = "<group>"; };
		2220775317035CB800C1FEDD /* Default@2x.png */ = {isa = PBXFileReference; lastKnownFileType = image.png; path = "Default@2x.png"; sourceTree = "<group>"; };
		2220775517035CB800C1FEDD /* Default-568h@2x.png */ = {isa = PBXFileReference; lastKnownFileType = image.png; path = "Default-568h@2x.png"; sourceTree = "<group>"; };
		2220775817035CB800C1FEDD /* en */ = {isa = PBXFileReference; lastKnownFileType = file.storyboard; name = en; path = en.lproj/MainStoryboard.storyboard; sourceTree = "<group>"; };
		2220775A17035CB800C1FEDD /* SHViewController.h */ = {isa = PBXFileReference; lastKnownFileType = sourcecode.c.h; path = SHViewController.h; sourceTree = "<group>"; };
		2220775B17035CB800C1FEDD /* SHViewController.m */ = {isa = PBXFileReference; lastKnownFileType = sourcecode.c.objc; path = SHViewController.m; sourceTree = "<group>"; };
/* End PBXFileReference section */

/* Begin PBXFrameworksBuildPhase section */
		2220773917035CB700C1FEDD /* Frameworks */ = {
			isa = PBXFrameworksBuildPhase;
			buildActionMask = 2147483647;
			files = (
				2220774017035CB700C1FEDD /* UIKit.framework in Frameworks */,
				2220774217035CB700C1FEDD /* Foundation.framework in Frameworks */,
				2220774417035CB700C1FEDD /* CoreGraphics.framework in Frameworks */,
			);
			runOnlyForDeploymentPostprocessing = 0;
		};
/* End PBXFrameworksBuildPhase section */

/* Begin PBXGroup section */
		2220773317035CB700C1FEDD = {
			isa = PBXGroup;
			children = (
				2220774517035CB800C1FEDD /* SHRequestExample */,
				2220773E17035CB700C1FEDD /* Frameworks */,
				2220773D17035CB700C1FEDD /* Products */,
			);
			sourceTree = "<group>";
		};
		2220773D17035CB700C1FEDD /* Products */ = {
			isa = PBXGroup;
			children = (
				2220773C17035CB700C1FEDD /* SHRequestExample.app */,
			);
			name = Products;
			sourceTree = "<group>";
		};
		2220773E17035CB700C1FEDD /* Frameworks */ = {
			isa = PBXGroup;
			children = (
				2220773F17035CB700C1FEDD /* UIKit.framework */,
				2220774117035CB700C1FEDD /* Foundation.framework */,
				2220774317035CB700C1FEDD /* CoreGraphics.framework */,
			);
			name = Frameworks;
			sourceTree = "<group>";
		};
		2220774517035CB800C1FEDD /* SHRequestExample */ = {
			isa = PBXGroup;
			children = (
				2220774E17035CB800C1FEDD /* SHAppDelegate.h */,
				2220774F17035CB800C1FEDD /* SHAppDelegate.m */,
				2220775717035CB800C1FEDD /* MainStoryboard.storyboard */,
				2220775A17035CB800C1FEDD /* SHViewController.h */,
				2220775B17035CB800C1FEDD /* SHViewController.m */,
				2220774617035CB800C1FEDD /* Supporting Files */,
			);
			path = SHRequestExample;
			sourceTree = "<group>";
		};
		2220774617035CB800C1FEDD /* Supporting Files */ = {
			isa = PBXGroup;
			children = (
				2220774717035CB800C1FEDD /* SHRequestExample-Info.plist */,
				2220774817035CB800C1FEDD /* InfoPlist.strings */,
				2220774B17035CB800C1FEDD /* main.m */,
				2220774D17035CB800C1FEDD /* SHRequestExample-Prefix.pch */,
				2220775117035CB800C1FEDD /* Default.png */,
				2220775317035CB800C1FEDD /* Default@2x.png */,
				2220775517035CB800C1FEDD /* Default-568h@2x.png */,
			);
			name = "Supporting Files";
			sourceTree = "<group>";
		};
/* End PBXGroup section */

/* Begin PBXNativeTarget section */
		2220773B17035CB700C1FEDD /* SHRequestExample */ = {
			isa = PBXNativeTarget;
			buildConfigurationList = 2220775F17035CB800C1FEDD /* Build configuration list for PBXNativeTarget "SHRequestExample" */;
			buildPhases = (
				2220773817035CB700C1FEDD /* Sources */,
				2220773917035CB700C1FEDD /* Frameworks */,
				2220773A17035CB700C1FEDD /* Resources */,
			);
			buildRules = (
			);
			dependencies = (
			);
			name = SHRequestExample;
			productName = SHRequestExample;
			productReference = 2220773C17035CB700C1FEDD /* SHRequestExample.app */;
			productType = "com.apple.product-type.application";
		};
/* End PBXNativeTarget section */

/* Begin PBXProject section */
		2220773417035CB700C1FEDD /* Project object */ = {
			isa = PBXProject;
			attributes = {
				CLASSPREFIX = SH;
				LastUpgradeCheck = 0460;
				ORGANIZATIONNAME = "Seivan Heidari";
			};
			buildConfigurationList = 2220773717035CB700C1FEDD /* Build configuration list for PBXProject "SHRequestExample" */;
			compatibilityVersion = "Xcode 3.2";
			developmentRegion = English;
			hasScannedForEncodings = 0;
			knownRegions = (
				en,
			);
			mainGroup = 2220773317035CB700C1FEDD;
			productRefGroup = 2220773D17035CB700C1FEDD /* Products */;
			projectDirPath = "";
			projectRoot = "";
			targets = (
				2220773B17035CB700C1FEDD /* SHRequestExample */,
			);
		};
/* End PBXProject section */

/* Begin PBXResourcesBuildPhase section */
		2220773A17035CB700C1FEDD /* Resources */ = {
			isa = PBXResourcesBuildPhase;
			buildActionMask = 2147483647;
			files = (
				2220774A17035CB800C1FEDD /* InfoPlist.strings in Resources */,
				2220775217035CB800C1FEDD /* Default.png in Resources */,
				2220775417035CB800C1FEDD /* Default@2x.png in Resources */,
				2220775617035CB800C1FEDD /* Default-568h@2x.png in Resources */,
				2220775917035CB800C1FEDD /* MainStoryboard.storyboard in Resources */,
			);
			runOnlyForDeploymentPostprocessing = 0;
		};
/* End PBXResourcesBuildPhase section */

/* Begin PBXSourcesBuildPhase section */
		2220773817035CB700C1FEDD /* Sources */ = {
			isa = PBXSourcesBuildPhase;
			buildActionMask = 2147483647;
			files = (
				2220774C17035CB800C1FEDD /* main.m in Sources */,
				2220775017035CB800C1FEDD /* SHAppDelegate.m in Sources */,
				2220775C17035CB800C1FEDD /* SHViewController.m in Sources */,
			);
			runOnlyForDeploymentPostprocessing = 0;
		};
/* End PBXSourcesBuildPhase section */

/* Begin PBXVariantGroup section */
		2220774817035CB800C1FEDD /* InfoPlist.strings */ = {
			isa = PBXVariantGroup;
			children = (
				2220774917035CB800C1FEDD /* en */,
			);
			name = InfoPlist.strings;
			sourceTree = "<group>";
		};
		2220775717035CB800C1FEDD /* MainStoryboard.storyboard */ = {
			isa = PBXVariantGroup;
			children = (
				2220775817035CB800C1FEDD /* en */,
			);
			name = MainStoryboard.storyboard;
			sourceTree = "<group>";
		};
/* End PBXVariantGroup section */

/* Begin XCBuildConfiguration section */
		2220775D17035CB800C1FEDD /* Debug */ = {
			isa = XCBuildConfiguration;
			buildSettings = {
				ALWAYS_SEARCH_USER_PATHS = NO;
				CLANG_CXX_LANGUAGE_STANDARD = "gnu++0x";
				CLANG_CXX_LIBRARY = "libc++";
				CLANG_ENABLE_OBJC_ARC = YES;
				CLANG_WARN_CONSTANT_CONVERSION = YES;
				CLANG_WARN_EMPTY_BODY = YES;
				CLANG_WARN_ENUM_CONVERSION = YES;
				CLANG_WARN_INT_CONVERSION = YES;
				CLANG_WARN__DUPLICATE_METHOD_MATCH = YES;
				"CODE_SIGN_IDENTITY[sdk=iphoneos*]" = "iPhone Developer";
				COPY_PHASE_STRIP = NO;
				GCC_C_LANGUAGE_STANDARD = gnu99;
				GCC_DYNAMIC_NO_PIC = NO;
				GCC_OPTIMIZATION_LEVEL = 0;
				GCC_PREPROCESSOR_DEFINITIONS = (
					"DEBUG=1",
					"$(inherited)",
				);
				GCC_SYMBOLS_PRIVATE_EXTERN = NO;
				GCC_WARN_ABOUT_RETURN_TYPE = YES;
				GCC_WARN_UNINITIALIZED_AUTOS = YES;
				GCC_WARN_UNUSED_VARIABLE = YES;
				IPHONEOS_DEPLOYMENT_TARGET = 6.1;
				ONLY_ACTIVE_ARCH = YES;
				SDKROOT = iphoneos;
			};
			name = Debug;
		};
		2220775E17035CB800C1FEDD /* Release */ = {
			isa = XCBuildConfiguration;
			buildSettings = {
				ALWAYS_SEARCH_USER_PATHS = NO;
				CLANG_CXX_LANGUAGE_STANDARD = "gnu++0x";
				CLANG_CXX_LIBRARY = "libc++";
				CLANG_ENABLE_OBJC_ARC = YES;
				CLANG_WARN_CONSTANT_CONVERSION = YES;
				CLANG_WARN_EMPTY_BODY = YES;
				CLANG_WARN_ENUM_CONVERSION = YES;
				CLANG_WARN_INT_CONVERSION = YES;
				CLANG_WARN__DUPLICATE_METHOD_MATCH = YES;
				"CODE_SIGN_IDENTITY[sdk=iphoneos*]" = "iPhone Developer";
				COPY_PHASE_STRIP = YES;
				GCC_C_LANGUAGE_STANDARD = gnu99;
				GCC_WARN_ABOUT_RETURN_TYPE = YES;
				GCC_WARN_UNINITIALIZED_AUTOS = YES;
				GCC_WARN_UNUSED_VARIABLE = YES;
				IPHONEOS_DEPLOYMENT_TARGET = 6.1;
				OTHER_CFLAGS = "-DNS_BLOCK_ASSERTIONS=1";
				SDKROOT = iphoneos;
				VALIDATE_PRODUCT = YES;
			};
			name = Release;
		};
		2220776017035CB800C1FEDD /* Debug */ = {
			isa = XCBuildConfiguration;
			buildSettings = {
				GCC_PRECOMPILE_PREFIX_HEADER = YES;
				GCC_PREFIX_HEADER = "SHRequestExample/SHRequestExample-Prefix.pch";
				INFOPLIST_FILE = "SHRequestExample/SHRequestExample-Info.plist";
				PRODUCT_NAME = "$(TARGET_NAME)";
				WRAPPER_EXTENSION = app;
			};
			name = Debug;
		};
		2220776117035CB800C1FEDD /* Release */ = {
			isa = XCBuildConfiguration;
			buildSettings = {
				GCC_PRECOMPILE_PREFIX_HEADER = YES;
				GCC_PREFIX_HEADER = "SHRequestExample/SHRequestExample-Prefix.pch";
				INFOPLIST_FILE = "SHRequestExample/SHRequestExample-Info.plist";
				PRODUCT_NAME = "$(TARGET_NAME)";
				WRAPPER_EXTENSION = app;
			};
			name = Release;
		};
/* End XCBuildConfiguration section */

/* Begin XCConfigurationList section */
		2220773717035CB700C1FEDD /* Build configuration list for PBXProject "SHRequestExample" */ = {
			isa = XCConfigurationList;
			buildConfigurations = (
				2220775D17035CB800C1FEDD /* Debug */,
				2220775E17035CB800C1FEDD /* Release */,
			);
			defaultConfigurationIsVisible = 0;
			defaultConfigurationName = Release;
		};
		2220775F17035CB800C1FEDD /* Build configuration list for PBXNativeTarget "SHRequestExample" */ = {
			isa = XCConfigurationList;
			buildConfigurations = (
				2220776017035CB800C1FEDD /* Debug */,
				2220776117035CB800C1FEDD /* Release */,
			);
			defaultConfigurationIsVisible = 0;
		};
/* End XCConfigurationList section */
	};
	rootObject = 2220773417035CB700C1FEDD /* Project object */;
}
